
Microsoft Visual Studio Solution File, Format Version 12.00
# Visual Studio Version 17
VisualStudioVersion = 17.8.34525.116
MinimumVisualStudioVersion = 10.0.40219.1
Project("{F184B08F-C81C-45F6-A57F-5ABD9991F28F}") = "Doctor Appointment Scheduler", "Doctor Appointment Scheduler\Doctor Appointment Scheduler.vbproj", "{3425B0BD-08D0-4A38-A178-A9AF5F884A7F}"
EndProject
Global
	GlobalSection(SolutionConfigurationPlatforms) = preSolution
		Debug|Any CPU = Debug|Any CPU
		Release|Any CPU = Release|Any CPU
	EndGlobalSection
	GlobalSection(ProjectConfigurationPlatforms) = postSolution
		{3425B0BD-08D0-4A38-A178-A9AF5F884A7F}.Debug|Any CPU.ActiveCfg = Debug|Any CPU
		{3425B0BD-08D0-4A38-A178-A9AF5F884A7F}.Debug|Any CPU.Build.0 = Debug|Any CPU
		{3425B0BD-08D0-4A38-A178-A9AF5F884A7F}.Release|Any CPU.ActiveCfg = Release|Any CPU
		{3425B0BD-08D0-4A38-A178-A9AF5F884A7F}.Release|Any CPU.Build.0 = Release|Any CPU
	EndGlobalSection
	GlobalSection(SolutionProperties) = preSolution
		HideSolutionNode = FALSE
	EndGlobalSection
	GlobalSection(ExtensibilityGlobals) = postSolution
		SolutionGuid = {150B6CBA-E605-4D6C-867E-763CBD7AF5DD}
	EndGlobalSection
EndGlobal
